{
    __meta__ = {
        version = "1.0"
    },
    ["linux|x86_64"] = {
        ["alsa-lib#31fecfc4"] = {
            repo = {
                branch = "master",
                commit = "c292580ee14c860a8b1d87bec5cdf2c4bb5b2e18",
                url = "https://gitlab.com/tboox/xmake-repo.git"
            },
            version = "1.2.10"
        },
        ["autoconf#31fecfc4"] = {
            repo = {
                branch = "master",
                commit = "c292580ee14c860a8b1d87bec5cdf2c4bb5b2e18",
                url = "https://gitlab.com/tboox/xmake-repo.git"
            },
            version = "2.71"
        },
        ["automake#31fecfc4"] = {
            repo = {
                branch = "master",
                commit = "c292580ee14c860a8b1d87bec5cdf2c4bb5b2e18",
                url = "https://gitlab.com/tboox/xmake-repo.git"
            },
            version = "1.16.5"
        },
        ["ca-certificates#31fecfc4"] = {
            repo = {
                branch = "master",
                commit = "c292580ee14c860a8b1d87bec5cdf2c4bb5b2e18",
                url = "https://gitlab.com/tboox/xmake-repo.git"
            },
            version = "20230306"
        },
        ["cmake#31fecfc4"] = {
            repo = {
                branch = "master",
                commit = "c292580ee14c860a8b1d87bec5cdf2c4bb5b2e18",
                url = "https://gitlab.com/tboox/xmake-repo.git"
            },
            version = "3.22.1"
        },
        ["eudev#31fecfc4"] = {
            repo = {
                branch = "master",
                commit = "c292580ee14c860a8b1d87bec5cdf2c4bb5b2e18",
                url = "https://gitlab.com/tboox/xmake-repo.git"
            },
            version = "3.2.9"
        },
        ["freetype#31fecfc4"] = {
            repo = {
                branch = "master",
                commit = "c292580ee14c860a8b1d87bec5cdf2c4bb5b2e18",
                url = "https://gitlab.com/tboox/xmake-repo.git"
            },
            version = "24.1.18"
        },
        ["glx#31fecfc4"] = {
            repo = {
                branch = "master",
                commit = "c292580ee14c860a8b1d87bec5cdf2c4bb5b2e18",
                url = "https://gitlab.com/tboox/xmake-repo.git"
            },
            version = "1.4"
        },
        ["gperf#31fecfc4"] = {
            repo = {
                branch = "master",
                commit = "c292580ee14c860a8b1d87bec5cdf2c4bb5b2e18",
                url = "https://gitlab.com/tboox/xmake-repo.git"
            },
            version = "3.1"
        },
        ["libffi#f26e00a1"] = {
            repo = {
                branch = "master",
                commit = "c292580ee14c860a8b1d87bec5cdf2c4bb5b2e18",
                url = "https://gitlab.com/tboox/xmake-repo.git"
            },
            version = "3.4.2"
        },
        ["libflac#31fecfc4"] = {
            repo = {
                branch = "master",
                commit = "c292580ee14c860a8b1d87bec5cdf2c4bb5b2e18",
                url = "https://gitlab.com/tboox/xmake-repo.git"
            },
            version = "1.4.3"
        },
        ["libogg#31fecfc4"] = {
            repo = {
                branch = "master",
                commit = "c292580ee14c860a8b1d87bec5cdf2c4bb5b2e18",
                url = "https://gitlab.com/tboox/xmake-repo.git"
            },
            version = "v1.3.4"
        },
        ["libpthread-stubs#31fecfc4"] = {
            repo = {
                branch = "master",
                commit = "c292580ee14c860a8b1d87bec5cdf2c4bb5b2e18",
                url = "https://gitlab.com/tboox/xmake-repo.git"
            },
            version = "0.4"
        },
        ["libsndio#31fecfc4"] = {
            repo = {
                branch = "master",
                commit = "c292580ee14c860a8b1d87bec5cdf2c4bb5b2e18",
                url = "https://gitlab.com/tboox/xmake-repo.git"
            },
            version = "1.9.0"
        },
        ["libtool#31fecfc4"] = {
            repo = {
                branch = "master",
                commit = "c292580ee14c860a8b1d87bec5cdf2c4bb5b2e18",
                url = "https://gitlab.com/tboox/xmake-repo.git"
            },
            version = "2.4.7"
        },
        ["libvorbis#31fecfc4"] = {
            repo = {
                branch = "master",
                commit = "c292580ee14c860a8b1d87bec5cdf2c4bb5b2e18",
                url = "https://gitlab.com/tboox/xmake-repo.git"
            },
            version = "1.3.7"
        },
        ["libx11#31fecfc4"] = {
            repo = {
                branch = "master",
                commit = "c292580ee14c860a8b1d87bec5cdf2c4bb5b2e18",
                url = "https://gitlab.com/tboox/xmake-repo.git"
            },
            version = "1.7.5"
        },
        ["libxau#31fecfc4"] = {
            repo = {
                branch = "master",
                commit = "c292580ee14c860a8b1d87bec5cdf2c4bb5b2e18",
                url = "https://gitlab.com/tboox/xmake-repo.git"
            },
            version = "1.0.9"
        },
        ["libxcb#31fecfc4"] = {
            repo = {
                branch = "master",
                commit = "c292580ee14c860a8b1d87bec5cdf2c4bb5b2e18",
                url = "https://gitlab.com/tboox/xmake-repo.git"
            },
            version = "1.14"
        },
        ["libxcursor#31fecfc4"] = {
            repo = {
                branch = "master",
                commit = "c292580ee14c860a8b1d87bec5cdf2c4bb5b2e18",
                url = "https://gitlab.com/tboox/xmake-repo.git"
            },
            version = "1.2.0"
        },
        ["libxdmcp#31fecfc4"] = {
            repo = {
                branch = "master",
                commit = "c292580ee14c860a8b1d87bec5cdf2c4bb5b2e18",
                url = "https://gitlab.com/tboox/xmake-repo.git"
            },
            version = "1.1.3"
        },
        ["libxext#31fecfc4"] = {
            repo = {
                branch = "master",
                commit = "c292580ee14c860a8b1d87bec5cdf2c4bb5b2e18",
                url = "https://gitlab.com/tboox/xmake-repo.git"
            },
            version = "1.3.4"
        },
        ["libxfixes#31fecfc4"] = {
            repo = {
                branch = "master",
                commit = "c292580ee14c860a8b1d87bec5cdf2c4bb5b2e18",
                url = "https://gitlab.com/tboox/xmake-repo.git"
            },
            version = "6.0.0"
        },
        ["libxrandr#31fecfc4"] = {
            repo = {
                branch = "master",
                commit = "c292580ee14c860a8b1d87bec5cdf2c4bb5b2e18",
                url = "https://gitlab.com/tboox/xmake-repo.git"
            },
            version = "1.5.2"
        },
        ["libxrender#31fecfc4"] = {
            repo = {
                branch = "master",
                commit = "c292580ee14c860a8b1d87bec5cdf2c4bb5b2e18",
                url = "https://gitlab.com/tboox/xmake-repo.git"
            },
            version = "0.9.10"
        },
        ["m4#31fecfc4"] = {
            repo = {
                branch = "master",
                commit = "c292580ee14c860a8b1d87bec5cdf2c4bb5b2e18",
                url = "https://gitlab.com/tboox/xmake-repo.git"
            },
            version = "1.4.19"
        },
        ["openal-soft#31fecfc4"] = {
            repo = {
                branch = "master",
                commit = "c292580ee14c860a8b1d87bec5cdf2c4bb5b2e18",
                url = "https://gitlab.com/tboox/xmake-repo.git"
            },
            version = "1.23.1"
        },
        ["opengl#31fecfc4"] = {
            repo = {
                branch = "master",
                commit = "c292580ee14c860a8b1d87bec5cdf2c4bb5b2e18",
                url = "https://gitlab.com/tboox/xmake-repo.git"
            },
            version = "4.5"
        },
        ["openssl >=1.1.1-a#31fecfc4"] = {
            repo = {
                branch = "master",
                commit = "c292580ee14c860a8b1d87bec5cdf2c4bb5b2e18",
                url = "https://gitlab.com/tboox/xmake-repo.git"
            },
            version = "1.1.1-w"
        },
        ["pkg-config#31fecfc4"] = {
            repo = {
                branch = "master",
                commit = "c292580ee14c860a8b1d87bec5cdf2c4bb5b2e18",
                url = "https://gitlab.com/tboox/xmake-repo.git"
            },
            version = "0.29.2"
        },
        ["python 3.x#31fecfc4"] = {
            repo = {
                branch = "master",
                commit = "c292580ee14c860a8b1d87bec5cdf2c4bb5b2e18",
                url = "https://gitlab.com/tboox/xmake-repo.git"
            },
            version = "3.10.12"
        },
        ["sfml#31fecfc4"] = {
            repo = {
                branch = "master",
                commit = "c292580ee14c860a8b1d87bec5cdf2c4bb5b2e18",
                url = "https://gitlab.com/tboox/xmake-repo.git"
            },
            version = "2.6.0"
        },
        ["util-macros#31fecfc4"] = {
            repo = {
                branch = "master",
                commit = "c292580ee14c860a8b1d87bec5cdf2c4bb5b2e18",
                url = "https://gitlab.com/tboox/xmake-repo.git"
            },
            version = "1.20.0"
        },
        ["xcb-proto#31fecfc4"] = {
            repo = {
                branch = "master",
                commit = "c292580ee14c860a8b1d87bec5cdf2c4bb5b2e18",
                url = "https://gitlab.com/tboox/xmake-repo.git"
            },
            version = "1.14.1"
        },
        ["xorgproto#31fecfc4"] = {
            repo = {
                branch = "master",
                commit = "c292580ee14c860a8b1d87bec5cdf2c4bb5b2e18",
                url = "https://gitlab.com/tboox/xmake-repo.git"
            },
            version = "7.0.33"
        },
        ["xtrans#31fecfc4"] = {
            repo = {
                branch = "master",
                commit = "c292580ee14c860a8b1d87bec5cdf2c4bb5b2e18",
                url = "https://gitlab.com/tboox/xmake-repo.git"
            },
            version = "1.4.0"
        },
        ["zlib#31fecfc4"] = {
            repo = {
                branch = "master",
                commit = "c292580ee14c860a8b1d87bec5cdf2c4bb5b2e18",
                url = "https://gitlab.com/tboox/xmake-repo.git"
            },
            version = "1.2.11"
        },
        ["zlib#f26e00a1"] = {
            repo = {
                branch = "master",
                commit = "c292580ee14c860a8b1d87bec5cdf2c4bb5b2e18",
                url = "https://gitlab.com/tboox/xmake-repo.git"
            },
            version = "1.2.11"
        }
    }
}